
Microsoft Visual Studio Solution File, Format Version 12.00
# Visual Studio 15
VisualStudioVersion = 15.0.28307.1169
MinimumVisualStudioVersion = 10.0.40219.1
Project("{8BC9CEB8-8B4A-11D0-8D11-00A0C91BC942}") = "Game", "Game\Game.vcxproj", "{B07B6427-F8AD-4003-BF8B-B07A92D9BD76}"
EndProject
Project("{54435603-DBB4-11D2-8724-00A0C9A8B90C}") = "Installer", "Installer\Installer.vdproj", "{5C6FD9D4-7BB1-44CC-B7FF-4FAD630F6BF0}"
EndProject
Global
	GlobalSection(SolutionConfigurationPlatforms) = preSolution
		Debug|x64 = Debug|x64
		Debug|x86 = Debug|x86
		Release|x64 = Release|x64
		Release|x86 = Release|x86
	EndGlobalSection
	GlobalSection(ProjectConfigurationPlatforms) = postSolution
		{B07B6427-F8AD-4003-BF8B-B07A92D9BD76}.Debug|x64.ActiveCfg = Debug|x64
		{B07B6427-F8AD-4003-BF8B-B07A92D9BD76}.Debug|x64.Build.0 = Debug|x64
		{B07B6427-F8AD-4003-BF8B-B07A92D9BD76}.Debug|x86.ActiveCfg = Debug|Win32
		{B07B6427-F8AD-4003-BF8B-B07A92D9BD76}.Debug|x86.Build.0 = Debug|Win32
		{B07B6427-F8AD-4003-BF8B-B07A92D9BD76}.Release|x64.ActiveCfg = Release|x64
		{B07B6427-F8AD-4003-BF8B-B07A92D9BD76}.Release|x64.Build.0 = Release|x64
		{B07B6427-F8AD-4003-BF8B-B07A92D9BD76}.Release|x86.ActiveCfg = Release|Win32
		{B07B6427-F8AD-4003-BF8B-B07A92D9BD76}.Release|x86.Build.0 = Release|Win32
		{5C6FD9D4-7BB1-44CC-B7FF-4FAD630F6BF0}.Debug|x64.ActiveCfg = Debug
		{5C6FD9D4-7BB1-44CC-B7FF-4FAD630F6BF0}.Debug|x86.ActiveCfg = Debug
		{5C6FD9D4-7BB1-44CC-B7FF-4FAD630F6BF0}.Release|x64.ActiveCfg = Release
		{5C6FD9D4-7BB1-44CC-B7FF-4FAD630F6BF0}.Release|x86.ActiveCfg = Release
	EndGlobalSection
	GlobalSection(SolutionProperties) = preSolution
		HideSolutionNode = FALSE
	EndGlobalSection
	GlobalSection(ExtensibilityGlobals) = postSolution
		SolutionGuid = {0EBF9963-D0AE-4171-B002-B50A43CEAFD9}
	EndGlobalSection
EndGlobal
